
Microsoft Visual Studio Solution File, Format Version 12.00
# Visual Studio Version 17
VisualStudioVersion = 17.4.33205.214
MinimumVisualStudioVersion = 10.0.40219.1
Project("{9A19103F-16F7-4668-BE54-9A1E7A4F7556}") = "IS4ReviewLocalizer", "IS4ReviewLocalizer\IS4ReviewLocalizer.csproj", "{4EB04698-5B3F-42B4-9DD1-C6261E3CAE76}"
EndProject
Global
	GlobalSection(SolutionConfigurationPlatforms) = preSolution
		Debug|Any CPU = Debug|Any CPU
		Release|Any CPU = Release|Any CPU
	EndGlobalSection
	GlobalSection(ProjectConfigurationPlatforms) = postSolution
		{4EB04698-5B3F-42B4-9DD1-C6261E3CAE76}.Debug|Any CPU.ActiveCfg = Debug|Any CPU
		{4EB04698-5B3F-42B4-9DD1-C6261E3CAE76}.Debug|Any CPU.Build.0 = Debug|Any CPU
		{4EB04698-5B3F-42B4-9DD1-C6261E3CAE76}.Release|Any CPU.ActiveCfg = Release|Any CPU
		{4EB04698-5B3F-42B4-9DD1-C6261E3CAE76}.Release|Any CPU.Build.0 = Release|Any CPU
	EndGlobalSection
	GlobalSection(SolutionProperties) = preSolution
		HideSolutionNode = FALSE
	EndGlobalSection
	GlobalSection(ExtensibilityGlobals) = postSolution
		SolutionGuid = {C8115795-0D1F-4FEE-A1DD-8DBBB847488C}
	EndGlobalSection
EndGlobal
